
Microsoft Visual Studio Solution File, Format Version 12.00
# Visual Studio Version 17
VisualStudioVersion = 17.14.36811.4 d17.14
MinimumVisualStudioVersion = 10.0.40219.1
Project("{FAE04EC0-301F-11D3-BF4B-00C04F79EFBC}") = "Ultimates_Osterhasen_Hilfs-Programm", "Ultimates_Osterhasen_Hilfs-Programm.csproj", "{9DFA82EC-6365-46EE-8163-83BE1A3ECFA8}"
EndProject
Global
	GlobalSection(SolutionConfigurationPlatforms) = preSolution
		Debug|Any CPU = Debug|Any CPU
		Release|Any CPU = Release|Any CPU
	EndGlobalSection
	GlobalSection(ProjectConfigurationPlatforms) = postSolution
		{9DFA82EC-6365-46EE-8163-83BE1A3ECFA8}.Debug|Any CPU.ActiveCfg = Debug|Any CPU
		{9DFA82EC-6365-46EE-8163-83BE1A3ECFA8}.Debug|Any CPU.Build.0 = Debug|Any CPU
		{9DFA82EC-6365-46EE-8163-83BE1A3ECFA8}.Release|Any CPU.ActiveCfg = Release|Any CPU
		{9DFA82EC-6365-46EE-8163-83BE1A3ECFA8}.Release|Any CPU.Build.0 = Release|Any CPU
	EndGlobalSection
	GlobalSection(SolutionProperties) = preSolution
		HideSolutionNode = FALSE
	EndGlobalSection
	GlobalSection(ExtensibilityGlobals) = postSolution
		SolutionGuid = {94B2C7B0-3810-41FA-93BA-1521C8B6EB11}
	EndGlobalSection
EndGlobal
